
Microsoft Visual Studio Solution File, Format Version 12.00
# Visual Studio Version 17
VisualStudioVersion = 17.3.32901.215
MinimumVisualStudioVersion = 10.0.40219.1
Project("{FAE04EC0-301F-11D3-BF4B-00C04F79EFBC}") = "Chapter12", "Chapter12\Chapter12.csproj", "{4BD54DD6-3872-43FD-8619-74F2EBA0B390}"
EndProject
Global
	GlobalSection(SolutionConfigurationPlatforms) = preSolution
		Debug|Any CPU = Debug|Any CPU
		Release|Any CPU = Release|Any CPU
	EndGlobalSection
	GlobalSection(ProjectConfigurationPlatforms) = postSolution
		{4BD54DD6-3872-43FD-8619-74F2EBA0B390}.Debug|Any CPU.ActiveCfg = Debug|Any CPU
		{4BD54DD6-3872-43FD-8619-74F2EBA0B390}.Debug|Any CPU.Build.0 = Debug|Any CPU
		{4BD54DD6-3872-43FD-8619-74F2EBA0B390}.Release|Any CPU.ActiveCfg = Release|Any CPU
		{4BD54DD6-3872-43FD-8619-74F2EBA0B390}.Release|Any CPU.Build.0 = Release|Any CPU
	EndGlobalSection
	GlobalSection(SolutionProperties) = preSolution
		HideSolutionNode = FALSE
	EndGlobalSection
	GlobalSection(ExtensibilityGlobals) = postSolution
		SolutionGuid = {D6D0CF4B-E849-428B-A975-EECE72F9B999}
	EndGlobalSection
EndGlobal
